
#include<iostream>

char square[10] = {'1','2', '3', '4', '5', '6', '7', '8', '9'};

void printBoard()
{
	std::system("cls");
	for (int i = 1; i < 10; i++)
	{
		if (i % 3 == 0)  //Print the current number and Add new line after three numbers.
			std::cout << " " << square[i-1] << std::endl;
		else
			std::cout << " " << square[i-1] << " ";
	}std::cout << "\n";
}

void Replace(int position,char player)
{
	square[position-1] = player;
	printBoard();
}

bool isPlayerXWin()
{
	if ((square[0] == 'X') && (square[1] == 'X') && (square[2] == 'X')) return true;
	else if ((square[0] == 'X') && (square[3] == 'X') && (square[6] == 'X')) return true;
	else if ((square[1] == 'X') && (square[4] == 'X') && (square[7] == 'X')) return true;
	else if ((square[2] == 'X') && (square[5] == 'X') && (square[8] == 'X')) return true;
	else if ((square[3] == 'X') && (square[4] == 'X') && (square[5] == 'X')) return true;
	else if ((square[6] == 'X') && (square[7] == 'X') && (square[8] == 'X')) return true;
	else if ((square[0] == 'X') && (square[4] == 'X') && (square[8] == 'X')) return true;
	else if ((square[2] == 'X') && (square[4] == 'X') && (square[6] == 'X')) return true;
	return false;
}

bool isPlayerOWin()
{
	if ((square[0] == 'O') && (square[1] == 'O') && (square[2] == 'O')) return true;
	else if ((square[0] == 'O') && (square[3] == 'O') && (square[6] == 'O')) return true;
	else if ((square[1] == 'O') && (square[4] == 'O') && (square[7] == 'O')) return true;
	else if ((square[2] == 'O') && (square[5] == 'O') && (square[8] == 'O')) return true;
	else if ((square[3] == 'O') && (square[4] == 'O') && (square[5] == 'O')) return true;
	else if ((square[6] == 'O') && (square[7] == 'O') && (square[8] == 'O')) return true;
	else if ((square[0] == 'O') && (square[4] == 'O') && (square[8] == 'O')) return true;
	else if ((square[2] == 'O') && (square[4] == 'O') && (square[6] == 'O')) return true;
	return false;
}


int main()
{
	int NumberOfTrying = 4;
	int XPosition;
	int OPosition;

	printBoard();

	while (true)
	{

		std::cout << "Choose your position PlayerX: ";
		std::cin >> XPosition;

		Replace(XPosition,'X');

		if (isPlayerXWin())
		{
			std::cout << "Player X is Winner..." << std::endl;
			break;
		}

		std::cout << "Choose your position PlayerO: ";
		std::cin >> OPosition;
		Replace(OPosition,'O');

		if (isPlayerOWin())
		{
			std::cout << "Player O is Winner..." << std::endl;
			break;
		}

		NumberOfTrying--;
		if (NumberOfTrying == 0)
		{
			std::cout << "No Winners, Game Over!!" << std::endl;
			break;
		}
	}

	std::cin.get();
}
